
Microsoft Visual Studio Solution File, Format Version 12.00
# Visual Studio Version 17
VisualStudioVersion = 17.1.32414.318
MinimumVisualStudioVersion = 10.0.40219.1
Project("{FAE04EC0-301F-11D3-BF4B-00C04F79EFBC}") = "Desafio2", "Desafio2\Desafio2.csproj", "{ACAC9C2B-04BA-4315-8C95-7A90F3FB35E2}"
EndProject
Global
	GlobalSection(SolutionConfigurationPlatforms) = preSolution
		Debug|Any CPU = Debug|Any CPU
		Release|Any CPU = Release|Any CPU
	EndGlobalSection
	GlobalSection(ProjectConfigurationPlatforms) = postSolution
		{ACAC9C2B-04BA-4315-8C95-7A90F3FB35E2}.Debug|Any CPU.ActiveCfg = Debug|Any CPU
		{ACAC9C2B-04BA-4315-8C95-7A90F3FB35E2}.Debug|Any CPU.Build.0 = Debug|Any CPU
		{ACAC9C2B-04BA-4315-8C95-7A90F3FB35E2}.Release|Any CPU.ActiveCfg = Release|Any CPU
		{ACAC9C2B-04BA-4315-8C95-7A90F3FB35E2}.Release|Any CPU.Build.0 = Release|Any CPU
	EndGlobalSection
	GlobalSection(SolutionProperties) = preSolution
		HideSolutionNode = FALSE
	EndGlobalSection
	GlobalSection(ExtensibilityGlobals) = postSolution
		SolutionGuid = {A8BE2380-CE00-42D3-BB94-2EEA0DCCF331}
	EndGlobalSection
EndGlobal
